
Microsoft Visual Studio Solution File, Format Version 12.00
# Visual Studio Version 16
VisualStudioVersion = 16.0.31005.135
MinimumVisualStudioVersion = 10.0.40219.1
Project("{FAE04EC0-301F-11D3-BF4B-00C04F79EFBC}") = "axx78y_gyak05", "axx78y_gyak05\axx78y_gyak05.csproj", "{193209B3-C2DD-4AC8-B6C6-4B4C304C2F19}"
EndProject
Global
	GlobalSection(SolutionConfigurationPlatforms) = preSolution
		Debug|Any CPU = Debug|Any CPU
		Release|Any CPU = Release|Any CPU
	EndGlobalSection
	GlobalSection(ProjectConfigurationPlatforms) = postSolution
		{193209B3-C2DD-4AC8-B6C6-4B4C304C2F19}.Debug|Any CPU.ActiveCfg = Debug|Any CPU
		{193209B3-C2DD-4AC8-B6C6-4B4C304C2F19}.Debug|Any CPU.Build.0 = Debug|Any CPU
		{193209B3-C2DD-4AC8-B6C6-4B4C304C2F19}.Release|Any CPU.ActiveCfg = Release|Any CPU
		{193209B3-C2DD-4AC8-B6C6-4B4C304C2F19}.Release|Any CPU.Build.0 = Release|Any CPU
	EndGlobalSection
	GlobalSection(SolutionProperties) = preSolution
		HideSolutionNode = FALSE
	EndGlobalSection
	GlobalSection(ExtensibilityGlobals) = postSolution
		SolutionGuid = {A325B625-BC6D-41E4-88C2-E49B6E1CCB44}
	EndGlobalSection
EndGlobal
